
Microsoft Visual Studio Solution File, Format Version 12.00
# Visual Studio Version 17
VisualStudioVersion = 17.3.32819.101
MinimumVisualStudioVersion = 10.0.40219.1
Project("{FAE04EC0-301F-11D3-BF4B-00C04F79EFBC}") = "Labb2 Avancerad", "Labb2 Avancerad\Labb2 Avancerad.csproj", "{A26BF843-3C0D-4D2D-800F-BAE3F5F710F6}"
EndProject
Global
	GlobalSection(SolutionConfigurationPlatforms) = preSolution
		Debug|Any CPU = Debug|Any CPU
		Release|Any CPU = Release|Any CPU
	EndGlobalSection
	GlobalSection(ProjectConfigurationPlatforms) = postSolution
		{A26BF843-3C0D-4D2D-800F-BAE3F5F710F6}.Debug|Any CPU.ActiveCfg = Debug|Any CPU
		{A26BF843-3C0D-4D2D-800F-BAE3F5F710F6}.Debug|Any CPU.Build.0 = Debug|Any CPU
		{A26BF843-3C0D-4D2D-800F-BAE3F5F710F6}.Release|Any CPU.ActiveCfg = Release|Any CPU
		{A26BF843-3C0D-4D2D-800F-BAE3F5F710F6}.Release|Any CPU.Build.0 = Release|Any CPU
	EndGlobalSection
	GlobalSection(SolutionProperties) = preSolution
		HideSolutionNode = FALSE
	EndGlobalSection
	GlobalSection(ExtensibilityGlobals) = postSolution
		SolutionGuid = {0D779A80-7362-445C-86B3-8CCA27F23706}
	EndGlobalSection
EndGlobal
